
Microsoft Visual Studio Solution File, Format Version 12.00
# Visual Studio 2013
VisualStudioVersion = 12.0.40629.0
MinimumVisualStudioVersion = 10.0.40219.1
Project("{8BC9CEB8-8B4A-11D0-8D11-00A0C91BC942}") = "libaresq", "libaresq\libaresq.vcxproj", "{A9C696B5-ECE4-4D58-AB42-1F62083D32BC}"
EndProject
Project("{8BC9CEB8-8B4A-11D0-8D11-00A0C91BC942}") = "aresqc", "aresqc\aresqc.vcxproj", "{7DF14B87-B1AE-4F1C-9202-B4751F8BD4CB}"
	ProjectSection(ProjectDependencies) = postProject
		{A9C696B5-ECE4-4D58-AB42-1F62083D32BC} = {A9C696B5-ECE4-4D58-AB42-1F62083D32BC}
	EndProjectSection
EndProject
Global
	GlobalSection(SolutionConfigurationPlatforms) = preSolution
		Debug|Win32 = Debug|Win32
		Release|Win32 = Release|Win32
	EndGlobalSection
	GlobalSection(ProjectConfigurationPlatforms) = postSolution
		{A9C696B5-ECE4-4D58-AB42-1F62083D32BC}.Debug|Win32.ActiveCfg = Debug|Win32
		{A9C696B5-ECE4-4D58-AB42-1F62083D32BC}.Debug|Win32.Build.0 = Debug|Win32
		{A9C696B5-ECE4-4D58-AB42-1F62083D32BC}.Release|Win32.ActiveCfg = Release|Win32
		{A9C696B5-ECE4-4D58-AB42-1F62083D32BC}.Release|Win32.Build.0 = Release|Win32
		{7DF14B87-B1AE-4F1C-9202-B4751F8BD4CB}.Debug|Win32.ActiveCfg = Debug|Win32
		{7DF14B87-B1AE-4F1C-9202-B4751F8BD4CB}.Debug|Win32.Build.0 = Debug|Win32
		{7DF14B87-B1AE-4F1C-9202-B4751F8BD4CB}.Release|Win32.ActiveCfg = Release|Win32
		{7DF14B87-B1AE-4F1C-9202-B4751F8BD4CB}.Release|Win32.Build.0 = Release|Win32
	EndGlobalSection
	GlobalSection(SolutionProperties) = preSolution
		HideSolutionNode = FALSE
	EndGlobalSection
EndGlobal
